
Microsoft Visual Studio Solution File, Format Version 12.00
# Visual Studio 15
VisualStudioVersion = 15.0.28307.572
MinimumVisualStudioVersion = 10.0.40219.1
Project("{FAE04EC0-301F-11D3-BF4B-00C04F79EFBC}") = "Wk3_LINQ", "Wk3_LINQ\Wk3_LINQ.csproj", "{AA77F514-0ABE-4DA7-BED8-9697A4719B5A}"
EndProject
Global
	GlobalSection(SolutionConfigurationPlatforms) = preSolution
		Debug|Any CPU = Debug|Any CPU
		Release|Any CPU = Release|Any CPU
	EndGlobalSection
	GlobalSection(ProjectConfigurationPlatforms) = postSolution
		{AA77F514-0ABE-4DA7-BED8-9697A4719B5A}.Debug|Any CPU.ActiveCfg = Debug|Any CPU
		{AA77F514-0ABE-4DA7-BED8-9697A4719B5A}.Debug|Any CPU.Build.0 = Debug|Any CPU
		{AA77F514-0ABE-4DA7-BED8-9697A4719B5A}.Release|Any CPU.ActiveCfg = Release|Any CPU
		{AA77F514-0ABE-4DA7-BED8-9697A4719B5A}.Release|Any CPU.Build.0 = Release|Any CPU
	EndGlobalSection
	GlobalSection(SolutionProperties) = preSolution
		HideSolutionNode = FALSE
	EndGlobalSection
	GlobalSection(ExtensibilityGlobals) = postSolution
		SolutionGuid = {843B8FDE-1E41-451E-BDF1-B0E7713F2E4F}
	EndGlobalSection
EndGlobal
